
Microsoft Visual Studio Solution File, Format Version 12.00
# Visual Studio Version 16
VisualStudioVersion = 16.0.29418.71
MinimumVisualStudioVersion = 10.0.40219.1
Project("{FAE04EC0-301F-11D3-BF4B-00C04F79EFBC}") = "UserMaintenance", "UserMaintenance.csproj", "{DC87FDE9-9C0E-4D7E-A149-4C77331660D6}"
EndProject
Global
	GlobalSection(SolutionConfigurationPlatforms) = preSolution
		Debug|Any CPU = Debug|Any CPU
		Release|Any CPU = Release|Any CPU
	EndGlobalSection
	GlobalSection(ProjectConfigurationPlatforms) = postSolution
		{DC87FDE9-9C0E-4D7E-A149-4C77331660D6}.Debug|Any CPU.ActiveCfg = Debug|Any CPU
		{DC87FDE9-9C0E-4D7E-A149-4C77331660D6}.Debug|Any CPU.Build.0 = Debug|Any CPU
		{DC87FDE9-9C0E-4D7E-A149-4C77331660D6}.Release|Any CPU.ActiveCfg = Release|Any CPU
		{DC87FDE9-9C0E-4D7E-A149-4C77331660D6}.Release|Any CPU.Build.0 = Release|Any CPU
	EndGlobalSection
	GlobalSection(SolutionProperties) = preSolution
		HideSolutionNode = FALSE
	EndGlobalSection
	GlobalSection(ExtensibilityGlobals) = postSolution
		SolutionGuid = {8D44AAC6-E40E-44C3-BF95-5B8604FC7941}
	EndGlobalSection
EndGlobal
